
Microsoft Visual Studio Solution File, Format Version 12.00
# Visual Studio Version 17
VisualStudioVersion = 17.5.33627.172
MinimumVisualStudioVersion = 10.0.40219.1
Project("{9A19103F-16F7-4668-BE54-9A1E7A4F7556}") = "Problem1", "Problem1\Problem1.csproj", "{2656B59B-2BD2-4182-8A88-B1A30AFA6E27}"
EndProject
Project("{9A19103F-16F7-4668-BE54-9A1E7A4F7556}") = "Problem121", "Problem121\Problem121.csproj", "{B37E90A1-BDEE-482B-8975-235FEFD1FDBF}"
EndProject
Project("{9A19103F-16F7-4668-BE54-9A1E7A4F7556}") = "Problem9", "Problem9\Problem9.csproj", "{8BB3EBEF-AB86-4993-8712-96F9EF557F07}"
EndProject
Project("{FAE04EC0-301F-11D3-BF4B-00C04F79EFBC}") = "Problem13", "Problem13\Problem13.csproj", "{DD8D976D-C800-4CE5-94E0-000DA4AC4040}"
EndProject
Global
	GlobalSection(SolutionConfigurationPlatforms) = preSolution
		Debug|Any CPU = Debug|Any CPU
		Release|Any CPU = Release|Any CPU
	EndGlobalSection
	GlobalSection(ProjectConfigurationPlatforms) = postSolution
		{2656B59B-2BD2-4182-8A88-B1A30AFA6E27}.Debug|Any CPU.ActiveCfg = Debug|Any CPU
		{2656B59B-2BD2-4182-8A88-B1A30AFA6E27}.Debug|Any CPU.Build.0 = Debug|Any CPU
		{2656B59B-2BD2-4182-8A88-B1A30AFA6E27}.Release|Any CPU.ActiveCfg = Release|Any CPU
		{2656B59B-2BD2-4182-8A88-B1A30AFA6E27}.Release|Any CPU.Build.0 = Release|Any CPU
		{B37E90A1-BDEE-482B-8975-235FEFD1FDBF}.Debug|Any CPU.ActiveCfg = Debug|Any CPU
		{B37E90A1-BDEE-482B-8975-235FEFD1FDBF}.Debug|Any CPU.Build.0 = Debug|Any CPU
		{B37E90A1-BDEE-482B-8975-235FEFD1FDBF}.Release|Any CPU.ActiveCfg = Release|Any CPU
		{B37E90A1-BDEE-482B-8975-235FEFD1FDBF}.Release|Any CPU.Build.0 = Release|Any CPU
		{8BB3EBEF-AB86-4993-8712-96F9EF557F07}.Debug|Any CPU.ActiveCfg = Debug|Any CPU
		{8BB3EBEF-AB86-4993-8712-96F9EF557F07}.Debug|Any CPU.Build.0 = Debug|Any CPU
		{8BB3EBEF-AB86-4993-8712-96F9EF557F07}.Release|Any CPU.ActiveCfg = Release|Any CPU
		{8BB3EBEF-AB86-4993-8712-96F9EF557F07}.Release|Any CPU.Build.0 = Release|Any CPU
		{DD8D976D-C800-4CE5-94E0-000DA4AC4040}.Debug|Any CPU.ActiveCfg = Debug|Any CPU
		{DD8D976D-C800-4CE5-94E0-000DA4AC4040}.Debug|Any CPU.Build.0 = Debug|Any CPU
		{DD8D976D-C800-4CE5-94E0-000DA4AC4040}.Release|Any CPU.ActiveCfg = Release|Any CPU
		{DD8D976D-C800-4CE5-94E0-000DA4AC4040}.Release|Any CPU.Build.0 = Release|Any CPU
	EndGlobalSection
	GlobalSection(SolutionProperties) = preSolution
		HideSolutionNode = FALSE
	EndGlobalSection
	GlobalSection(ExtensibilityGlobals) = postSolution
		SolutionGuid = {AC96D9F8-F18B-439B-A01B-8260352CE0AC}
	EndGlobalSection
EndGlobal
